
Microsoft Visual Studio Solution File, Format Version 12.00
# Visual Studio Version 17
VisualStudioVersion = 17.10.34916.146
MinimumVisualStudioVersion = 10.0.40219.1
Project("{9A19103F-16F7-4668-BE54-9A1E7A4F7556}") = "CreditTopUp.Api", "src\CreditTopUp.Api\CreditTopUp.Api.csproj", "{FC18EDA0-9694-4470-BB8E-00EE40925A83}"
EndProject
Project("{9A19103F-16F7-4668-BE54-9A1E7A4F7556}") = "CreditTopUp.Domain", "src\CreditTopUp.Domain\CreditTopUp.Domain.csproj", "{D3BAB3E5-D0E2-4F2D-B5E1-6BE8D411FB97}"
EndProject
Project("{9A19103F-16F7-4668-BE54-9A1E7A4F7556}") = "CreditTopUp.Infra", "src\CreditTopUp.Infra\CreditTopUp.Infra.csproj", "{B36D4F77-E1DA-425D-BFFF-42CC71EF516A}"
EndProject
Project("{9A19103F-16F7-4668-BE54-9A1E7A4F7556}") = "Balance.Api", "src\Balance.Api\Balance.Api.csproj", "{1659FDC2-E625-44EC-9C2C-E4645F9B9FE9}"
EndProject
Project("{9A19103F-16F7-4668-BE54-9A1E7A4F7556}") = "CreditTopUp.Worker", "src\CreditTopUp.Worker\CreditTopUp.Worker.csproj", "{3C82A4BD-3A94-4444-8C7C-E578293C9821}"
EndProject
Project("{9A19103F-16F7-4668-BE54-9A1E7A4F7556}") = "CreditTopUp.Application", "src\CreditTopUp.Application\CreditTopUp.Application.csproj", "{92D72FD7-0006-40AD-80D3-3B381FA89691}"
EndProject
Project("{2150E333-8FDC-42A3-9474-1A3956D46DE8}") = "src", "src", "{49A7D7C5-2C67-4835-8143-A139B7FF8F64}"
EndProject
Project("{2150E333-8FDC-42A3-9474-1A3956D46DE8}") = "test", "test", "{F67B5114-1C07-4A85-A4CA-1A4EF53E5C48}"
EndProject
Project("{FAE04EC0-301F-11D3-BF4B-00C04F79EFBC}") = "CreditTopUp.UnitTest", "test\CreditTopUp.UnitTest\CreditTopUp.UnitTest.csproj", "{7401C7BC-FA55-466B-A4A5-E855CF3A88DA}"
EndProject
Global
	GlobalSection(SolutionConfigurationPlatforms) = preSolution
		Debug|Any CPU = Debug|Any CPU
		Release|Any CPU = Release|Any CPU
	EndGlobalSection
	GlobalSection(ProjectConfigurationPlatforms) = postSolution
		{FC18EDA0-9694-4470-BB8E-00EE40925A83}.Debug|Any CPU.ActiveCfg = Debug|Any CPU
		{FC18EDA0-9694-4470-BB8E-00EE40925A83}.Debug|Any CPU.Build.0 = Debug|Any CPU
		{FC18EDA0-9694-4470-BB8E-00EE40925A83}.Release|Any CPU.ActiveCfg = Release|Any CPU
		{FC18EDA0-9694-4470-BB8E-00EE40925A83}.Release|Any CPU.Build.0 = Release|Any CPU
		{D3BAB3E5-D0E2-4F2D-B5E1-6BE8D411FB97}.Debug|Any CPU.ActiveCfg = Debug|Any CPU
		{D3BAB3E5-D0E2-4F2D-B5E1-6BE8D411FB97}.Debug|Any CPU.Build.0 = Debug|Any CPU
		{D3BAB3E5-D0E2-4F2D-B5E1-6BE8D411FB97}.Release|Any CPU.ActiveCfg = Release|Any CPU
		{D3BAB3E5-D0E2-4F2D-B5E1-6BE8D411FB97}.Release|Any CPU.Build.0 = Release|Any CPU
		{B36D4F77-E1DA-425D-BFFF-42CC71EF516A}.Debug|Any CPU.ActiveCfg = Debug|Any CPU
		{B36D4F77-E1DA-425D-BFFF-42CC71EF516A}.Debug|Any CPU.Build.0 = Debug|Any CPU
		{B36D4F77-E1DA-425D-BFFF-42CC71EF516A}.Release|Any CPU.ActiveCfg = Release|Any CPU
		{B36D4F77-E1DA-425D-BFFF-42CC71EF516A}.Release|Any CPU.Build.0 = Release|Any CPU
		{1659FDC2-E625-44EC-9C2C-E4645F9B9FE9}.Debug|Any CPU.ActiveCfg = Debug|Any CPU
		{1659FDC2-E625-44EC-9C2C-E4645F9B9FE9}.Debug|Any CPU.Build.0 = Debug|Any CPU
		{1659FDC2-E625-44EC-9C2C-E4645F9B9FE9}.Release|Any CPU.ActiveCfg = Release|Any CPU
		{1659FDC2-E625-44EC-9C2C-E4645F9B9FE9}.Release|Any CPU.Build.0 = Release|Any CPU
		{3C82A4BD-3A94-4444-8C7C-E578293C9821}.Debug|Any CPU.ActiveCfg = Debug|Any CPU
		{3C82A4BD-3A94-4444-8C7C-E578293C9821}.Debug|Any CPU.Build.0 = Debug|Any CPU
		{3C82A4BD-3A94-4444-8C7C-E578293C9821}.Release|Any CPU.ActiveCfg = Release|Any CPU
		{3C82A4BD-3A94-4444-8C7C-E578293C9821}.Release|Any CPU.Build.0 = Release|Any CPU
		{92D72FD7-0006-40AD-80D3-3B381FA89691}.Debug|Any CPU.ActiveCfg = Debug|Any CPU
		{92D72FD7-0006-40AD-80D3-3B381FA89691}.Debug|Any CPU.Build.0 = Debug|Any CPU
		{92D72FD7-0006-40AD-80D3-3B381FA89691}.Release|Any CPU.ActiveCfg = Release|Any CPU
		{92D72FD7-0006-40AD-80D3-3B381FA89691}.Release|Any CPU.Build.0 = Release|Any CPU
		{7401C7BC-FA55-466B-A4A5-E855CF3A88DA}.Debug|Any CPU.ActiveCfg = Debug|Any CPU
		{7401C7BC-FA55-466B-A4A5-E855CF3A88DA}.Debug|Any CPU.Build.0 = Debug|Any CPU
		{7401C7BC-FA55-466B-A4A5-E855CF3A88DA}.Release|Any CPU.ActiveCfg = Release|Any CPU
		{7401C7BC-FA55-466B-A4A5-E855CF3A88DA}.Release|Any CPU.Build.0 = Release|Any CPU
	EndGlobalSection
	GlobalSection(SolutionProperties) = preSolution
		HideSolutionNode = FALSE
	EndGlobalSection
	GlobalSection(NestedProjects) = preSolution
		{FC18EDA0-9694-4470-BB8E-00EE40925A83} = {49A7D7C5-2C67-4835-8143-A139B7FF8F64}
		{D3BAB3E5-D0E2-4F2D-B5E1-6BE8D411FB97} = {49A7D7C5-2C67-4835-8143-A139B7FF8F64}
		{B36D4F77-E1DA-425D-BFFF-42CC71EF516A} = {49A7D7C5-2C67-4835-8143-A139B7FF8F64}
		{1659FDC2-E625-44EC-9C2C-E4645F9B9FE9} = {49A7D7C5-2C67-4835-8143-A139B7FF8F64}
		{3C82A4BD-3A94-4444-8C7C-E578293C9821} = {49A7D7C5-2C67-4835-8143-A139B7FF8F64}
		{92D72FD7-0006-40AD-80D3-3B381FA89691} = {49A7D7C5-2C67-4835-8143-A139B7FF8F64}
		{7401C7BC-FA55-466B-A4A5-E855CF3A88DA} = {F67B5114-1C07-4A85-A4CA-1A4EF53E5C48}
	EndGlobalSection
	GlobalSection(ExtensibilityGlobals) = postSolution
		SolutionGuid = {B3231EDD-62CF-4A31-8280-29CDCB519A84}
	EndGlobalSection
EndGlobal
